// !$*UTF8*$!
{
	archiveVersion = 1;
	classes = {
	};
	objectVersion = 46;
	objects = {

/* Begin PBXBuildFile section */
		947473961F39F76E0020D134 /* AppDelegate.swift in Sources */ = {isa = PBXBuildFile; fileRef = 947473951F39F76E0020D134 /* AppDelegate.swift */; };
		947473981F39F76E0020D134 /* GameScene.sks in Resources */ = {isa = PBXBuildFile; fileRef = 947473971F39F76E0020D134 /* GameScene.sks */; };
		9474739A1F39F76E0020D134 /* Actions.sks in Resources */ = {isa = PBXBuildFile; fileRef = 947473991F39F76E0020D134 /* Actions.sks */; };
		9474739C1F39F76E0020D134 /* GameScene.swift in Sources */ = {isa = PBXBuildFile; fileRef = 9474739B1F39F76E0020D134 /* GameScene.swift */; };
		9474739E1F39F76E0020D134 /* GameViewController.swift in Sources */ = {isa = PBXBuildFile; fileRef = 9474739D1F39F76E0020D134 /* GameViewController.swift */; };
		947473A11F39F76E0020D134 /* Main.storyboard in Resources */ = {isa = PBXBuildFile; fileRef = 9474739F1F39F76E0020D134 /* Main.storyboard */; };
		947473A31F39F76E0020D134 /* Assets.xcassets in Resources */ = {isa = PBXBuildFile; fileRef = 947473A21F39F76E0020D134 /* Assets.xcassets */; };
		947473A61F39F76E0020D134 /* LaunchScreen.storyboard in Resources */ = {isa = PBXBuildFile; fileRef = 947473A41F39F76E0020D134 /* LaunchScreen.storyboard */; };
		947473AE1F3A7E760020D134 /* Cow.swift in Sources */ = {isa = PBXBuildFile; fileRef = 947473AD1F3A7E750020D134 /* Cow.swift */; };
/* End PBXBuildFile section */

/* Begin PBXFileReference section */
		947473921F39F76E0020D134 /* CowABunga2.app */ = {isa = PBXFileReference; explicitFileType = wrapper.application; includeInIndex = 0; path = CowABunga2.app; sourceTree = BUILT_PRODUCTS_DIR; };
		947473951F39F76E0020D134 /* AppDelegate.swift */ = {isa = PBXFileReference; lastKnownFileType = sourcecode.swift; path = AppDelegate.swift; sourceTree = "<group>"; };
		947473971F39F76E0020D134 /* GameScene.sks */ = {isa = PBXFileReference; lastKnownFileType = file.sks; path = GameScene.sks; sourceTree = "<group>"; };
		947473991F39F76E0020D134 /* Actions.sks */ = {isa = PBXFileReference; lastKnownFileType = file.sks; path = Actions.sks; sourceTree = "<group>"; };
		9474739B1F39F76E0020D134 /* GameScene.swift */ = {isa = PBXFileReference; lastKnownFileType = sourcecode.swift; path = GameScene.swift; sourceTree = "<group>"; };
		9474739D1F39F76E0020D134 /* GameViewController.swift */ = {isa = PBXFileReference; lastKnownFileType = sourcecode.swift; path = GameViewController.swift; sourceTree = "<group>"; };
		947473A01F39F76E0020D134 /* Base */ = {isa = PBXFileReference; lastKnownFileType = file.storyboard; name = Base; path = Base.lproj/Main.storyboard; sourceTree = "<group>"; };
		947473A21F39F76E0020D134 /* Assets.xcassets */ = {isa = PBXFileReference; lastKnownFileType = folder.assetcatalog; path = Assets.xcassets; sourceTree = "<group>"; };
		947473A51F39F76E0020D134 /* Base */ = {isa = PBXFileReference; lastKnownFileType = file.storyboard; name = Base; path = Base.lproj/LaunchScreen.storyboard; sourceTree = "<group>"; };
		947473A71F39F76E0020D134 /* Info.plist */ = {isa = PBXFileReference; lastKnownFileType = text.plist.xml; path = Info.plist; sourceTree = "<group>"; };
		947473AD1F3A7E750020D134 /* Cow.swift */ = {isa = PBXFileReference; fileEncoding = 4; lastKnownFileType = sourcecode.swift; path = Cow.swift; sourceTree = "<group>"; };
/* End PBXFileReference section */

/* Begin PBXFrameworksBuildPhase section */
		9474738F1F39F76E0020D134 /* Frameworks */ = {
			isa = PBXFrameworksBuildPhase;
			buildActionMask = 2147483647;
			files = (
			);
			runOnlyForDeploymentPostprocessing = 0;
		};
/* End PBXFrameworksBuildPhase section */

/* Begin PBXGroup section */
		947473891F39F76E0020D134 = {
			isa = PBXGroup;
			children = (
				947473941F39F76E0020D134 /* CowABunga2 */,
				947473931F39F76E0020D134 /* Products */,
			);
			sourceTree = "<group>";
		};
		947473931F39F76E0020D134 /* Products */ = {
			isa = PBXGroup;
			children = (
				947473921F39F76E0020D134 /* CowABunga2.app */,
			);
			name = Products;
			sourceTree = "<group>";
		};
		947473941F39F76E0020D134 /* CowABunga2 */ = {
			isa = PBXGroup;
			children = (
				947473951F39F76E0020D134 /* AppDelegate.swift */,
				947473971F39F76E0020D134 /* GameScene.sks */,
				947473991F39F76E0020D134 /* Actions.sks */,
				9474739B1F39F76E0020D134 /* GameScene.swift */,
				947473AD1F3A7E750020D134 /* Cow.swift */,
				9474739D1F39F76E0020D134 /* GameViewController.swift */,
				9474739F1F39F76E0020D134 /* Main.storyboard */,
				947473A21F39F76E0020D134 /* Assets.xcassets */,
				947473A41F39F76E0020D134 /* LaunchScreen.storyboard */,
				947473A71F39F76E0020D134 /* Info.plist */,
			);
			path = CowABunga2;
			sourceTree = "<group>";
		};
/* End PBXGroup section */

/* Begin PBXNativeTarget section */
		947473911F39F76E0020D134 /* CowABunga2 */ = {
			isa = PBXNativeTarget;
			buildConfigurationList = 947473AA1F39F76E0020D134 /* Build configuration list for PBXNativeTarget "CowABunga2" */;
			buildPhases = (
				9474738E1F39F76E0020D134 /* Sources */,
				9474738F1F39F76E0020D134 /* Frameworks */,
				947473901F39F76E0020D134 /* Resources */,
			);
			buildRules = (
			);
			dependencies = (
			);
			name = CowABunga2;
			productName = CowABunga2;
			productReference = 947473921F39F76E0020D134 /* CowABunga2.app */;
			productType = "com.apple.product-type.application";
		};
/* End PBXNativeTarget section */

/* Begin PBXProject section */
		9474738A1F39F76E0020D134 /* Project object */ = {
			isa = PBXProject;
			attributes = {
				LastSwiftUpdateCheck = 0830;
				LastUpgradeCheck = 0830;
				ORGANIZATIONNAME = "iD Student";
				TargetAttributes = {
					947473911F39F76E0020D134 = {
						CreatedOnToolsVersion = 8.3.1;
						DevelopmentTeam = 33EP58Y49J;
						ProvisioningStyle = Automatic;
					};
				};
			};
			buildConfigurationList = 9474738D1F39F76E0020D134 /* Build configuration list for PBXProject "CowABunga2" */;
			compatibilityVersion = "Xcode 3.2";
			developmentRegion = English;
			hasScannedForEncodings = 0;
			knownRegions = (
				en,
				Base,
			);
			mainGroup = 947473891F39F76E0020D134;
			productRefGroup = 947473931F39F76E0020D134 /* Products */;
			projectDirPath = "";
			projectRoot = "";
			targets = (
				947473911F39F76E0020D134 /* CowABunga2 */,
			);
		};
/* End PBXProject section */

/* Begin PBXResourcesBuildPhase section */
		947473901F39F76E0020D134 /* Resources */ = {
			isa = PBXResourcesBuildPhase;
			buildActionMask = 2147483647;
			files = (
				947473A11F39F76E0020D134 /* Main.storyboard in Resources */,
				947473981F39F76E0020D134 /* GameScene.sks in Resources */,
				947473A31F39F76E0020D134 /* Assets.xcassets in Resources */,
				947473A61F39F76E0020D134 /* LaunchScreen.storyboard in Resources */,
				9474739A1F39F76E0020D134 /* Actions.sks in Resources */,
			);
			runOnlyForDeploymentPostprocessing = 0;
		};
/* End PBXResourcesBuildPhase section */

/* Begin PBXSourcesBuildPhase section */
		9474738E1F39F76E0020D134 /* Sources */ = {
			isa = PBXSourcesBuildPhase;
			buildActionMask = 2147483647;
			files = (
				9474739C1F39F76E0020D134 /* GameScene.swift in Sources */,
				947473AE1F3A7E760020D134 /* Cow.swift in Sources */,
				9474739E1F39F76E0020D134 /* GameViewController.swift in Sources */,
				947473961F39F76E0020D134 /* AppDelegate.swift in Sources */,
			);
			runOnlyForDeploymentPostprocessing = 0;
		};
/* End PBXSourcesBuildPhase section */

/* Begin PBXVariantGroup section */
		9474739F1F39F76E0020D134 /* Main.storyboard */ = {
			isa = PBXVariantGroup;
			children = (
				947473A01F39F76E0020D134 /* Base */,
			);
			name = Main.storyboard;
			sourceTree = "<group>";
		};
		947473A41F39F76E0020D134 /* LaunchScreen.storyboard */ = {
			isa = PBXVariantGroup;
			children = (
				947473A51F39F76E0020D134 /* Base */,
			);
			name = LaunchScreen.storyboard;
			sourceTree = "<group>";
		};
/* End PBXVariantGroup section */

/* Begin XCBuildConfiguration section */
		947473A81F39F76E0020D134 /* Debug */ = {
			isa = XCBuildConfiguration;
			buildSettings = {
				ALWAYS_SEARCH_USER_PATHS = NO;
				CLANG_ANALYZER_NONNULL = YES;
				CLANG_ANALYZER_NUMBER_OBJECT_CONVERSION = YES_AGGRESSIVE;
				CLANG_CXX_LANGUAGE_STANDARD = "gnu++0x";
				CLANG_CXX_LIBRARY = "libc++";
				CLANG_ENABLE_MODULES = YES;
				CLANG_ENABLE_OBJC_ARC = YES;
				CLANG_WARN_BOOL_CONVERSION = YES;
				CLANG_WARN_CONSTANT_CONVERSION = YES;
				CLANG_WARN_DIRECT_OBJC_ISA_USAGE = YES_ERROR;
				CLANG_WARN_DOCUMENTATION_COMMENTS = YES;
				CLANG_WARN_EMPTY_BODY = YES;
				CLANG_WARN_ENUM_CONVERSION = YES;
				CLANG_WARN_INFINITE_RECURSION = YES;
				CLANG_WARN_INT_CONVERSION = YES;
				CLANG_WARN_OBJC_ROOT_CLASS = YES_ERROR;
				CLANG_WARN_SUSPICIOUS_MOVE = YES;
				CLANG_WARN_UNREACHABLE_CODE = YES;
				CLANG_WARN__DUPLICATE_METHOD_MATCH = YES;
				"CODE_SIGN_IDENTITY[sdk=iphoneos*]" = "iPhone Developer";
				COPY_PHASE_STRIP = NO;
				DEBUG_INFORMATION_FORMAT = dwarf;
				ENABLE_STRICT_OBJC_MSGSEND = YES;
				ENABLE_TESTABILITY = YES;
				GCC_C_LANGUAGE_STANDARD = gnu99;
				GCC_DYNAMIC_NO_PIC = NO;
				GCC_NO_COMMON_BLOCKS = YES;
				GCC_OPTIMIZATION_LEVEL = 0;
				GCC_PREPROCESSOR_DEFINITIONS = (
					"DEBUG=1",
					"$(inherited)",
				);
				GCC_WARN_64_TO_32_BIT_CONVERSION = YES;
				GCC_WARN_ABOUT_RETURN_TYPE = YES_ERROR;
				GCC_WARN_UNDECLARED_SELECTOR = YES;
				GCC_WARN_UNINITIALIZED_AUTOS = YES_AGGRESSIVE;
				GCC_WARN_UNUSED_FUNCTION = YES;
				GCC_WARN_UNUSED_VARIABLE = YES;
				IPHONEOS_DEPLOYMENT_TARGET = 10.3;
				MTL_ENABLE_DEBUG_INFO = YES;
				ONLY_ACTIVE_ARCH = YES;
				SDKROOT = iphoneos;
				SWIFT_ACTIVE_COMPILATION_CONDITIONS = DEBUG;
				SWIFT_OPTIMIZATION_LEVEL = "-Onone";
				TARGETED_DEVICE_FAMILY = "1,2";
			};
			name = Debug;
		};
		947473A91F39F76E0020D134 /* Release */ = {
			isa = XCBuildConfiguration;
			buildSettings = {
				ALWAYS_SEARCH_USER_PATHS = NO;
				CLANG_ANALYZER_NONNULL = YES;
				CLANG_ANALYZER_NUMBER_OBJECT_CONVERSION = YES_AGGRESSIVE;
				CLANG_CXX_LANGUAGE_STANDARD = "gnu++0x";
				CLANG_CXX_LIBRARY = "libc++";
				CLANG_ENABLE_MODULES = YES;
				CLANG_ENABLE_OBJC_ARC = YES;
				CLANG_WARN_BOOL_CONVERSION = YES;
				CLANG_WARN_CONSTANT_CONVERSION = YES;
				CLANG_WARN_DIRECT_OBJC_ISA_USAGE = YES_ERROR;
				CLANG_WARN_DOCUMENTATION_COMMENTS = YES;
				CLANG_WARN_EMPTY_BODY = YES;
				CLANG_WARN_ENUM_CONVERSION = YES;
				CLANG_WARN_INFINITE_RECURSION = YES;
				CLANG_WARN_INT_CONVERSION = YES;
				CLANG_WARN_OBJC_ROOT_CLASS = YES_ERROR;
				CLANG_WARN_SUSPICIOUS_MOVE = YES;
				CLANG_WARN_UNREACHABLE_CODE = YES;
				CLANG_WARN__DUPLICATE_METHOD_MATCH = YES;
				"CODE_SIGN_IDENTITY[sdk=iphoneos*]" = "iPhone Developer";
				COPY_PHASE_STRIP = NO;
				DEBUG_INFORMATION_FORMAT = "dwarf-with-dsym";
				ENABLE_NS_ASSERTIONS = NO;
				ENABLE_STRICT_OBJC_MSGSEND = YES;
				GCC_C_LANGUAGE_STANDARD = gnu99;
				GCC_NO_COMMON_BLOCKS = YES;
				GCC_WARN_64_TO_32_BIT_CONVERSION = YES;
				GCC_WARN_ABOUT_RETURN_TYPE = YES_ERROR;
				GCC_WARN_UNDECLARED_SELECTOR = YES;
				GCC_WARN_UNINITIALIZED_AUTOS = YES_AGGRESSIVE;
				GCC_WARN_UNUSED_FUNCTION = YES;
				GCC_WARN_UNUSED_VARIABLE = YES;
				IPHONEOS_DEPLOYMENT_TARGET = 10.3;
				MTL_ENABLE_DEBUG_INFO = NO;
				SDKROOT = iphoneos;
				SWIFT_OPTIMIZATION_LEVEL = "-Owholemodule";
				TARGETED_DEVICE_FAMILY = "1,2";
				VALIDATE_PRODUCT = YES;
			};
			name = Release;
		};
		947473AB1F39F76E0020D134 /* Debug */ = {
			isa = XCBuildConfiguration;
			buildSettings = {
				ASSETCATALOG_COMPILER_APPICON_NAME = AppIcon;
				DEVELOPMENT_TEAM = 33EP58Y49J;
				INFOPLIST_FILE = CowABunga2/Info.plist;
				IPHONEOS_DEPLOYMENT_TARGET = 9.3;
				LD_RUNPATH_SEARCH_PATHS = "$(inherited) @executable_path/Frameworks";
				PRODUCT_BUNDLE_IDENTIFIER = iD.com.CowABunga2;
				PRODUCT_NAME = "$(TARGET_NAME)";
				SWIFT_VERSION = 3.0;
			};
			name = Debug;
		};
		947473AC1F39F76E0020D134 /* Release */ = {
			isa = XCBuildConfiguration;
			buildSettings = {
				ASSETCATALOG_COMPILER_APPICON_NAME = AppIcon;
				DEVELOPMENT_TEAM = 33EP58Y49J;
				INFOPLIST_FILE = CowABunga2/Info.plist;
				IPHONEOS_DEPLOYMENT_TARGET = 9.3;
				LD_RUNPATH_SEARCH_PATHS = "$(inherited) @executable_path/Frameworks";
				PRODUCT_BUNDLE_IDENTIFIER = iD.com.CowABunga2;
				PRODUCT_NAME = "$(TARGET_NAME)";
				SWIFT_VERSION = 3.0;
			};
			name = Release;
		};
/* End XCBuildConfiguration section */

/* Begin XCConfigurationList section */
		9474738D1F39F76E0020D134 /* Build configuration list for PBXProject "CowABunga2" */ = {
			isa = XCConfigurationList;
			buildConfigurations = (
				947473A81F39F76E0020D134 /* Debug */,
				947473A91F39F76E0020D134 /* Release */,
			);
			defaultConfigurationIsVisible = 0;
			defaultConfigurationName = Release;
		};
		947473AA1F39F76E0020D134 /* Build configuration list for PBXNativeTarget "CowABunga2" */ = {
			isa = XCConfigurationList;
			buildConfigurations = (
				947473AB1F39F76E0020D134 /* Debug */,
				947473AC1F39F76E0020D134 /* Release */,
			);
			defaultConfigurationIsVisible = 0;
		};
/* End XCConfigurationList section */
	};
	rootObject = 9474738A1F39F76E0020D134 /* Project object */;
}
